
Microsoft Visual Studio Solution File, Format Version 12.00
# Visual Studio 15
VisualStudioVersion = 15.0.27130.2020
MinimumVisualStudioVersion = 10.0.40219.1
Project("{FAE04EC0-301F-11D3-BF4B-00C04F79EFBC}") = "Traffic Light", "Traffic Light\Traffic Light.csproj", "{AE69ABF7-CF26-4682-9923-1B2BD9EB2DB1}"
EndProject
Global
	GlobalSection(SolutionConfigurationPlatforms) = preSolution
		Debug|Any CPU = Debug|Any CPU
		Release|Any CPU = Release|Any CPU
	EndGlobalSection
	GlobalSection(ProjectConfigurationPlatforms) = postSolution
		{AE69ABF7-CF26-4682-9923-1B2BD9EB2DB1}.Debug|Any CPU.ActiveCfg = Debug|Any CPU
		{AE69ABF7-CF26-4682-9923-1B2BD9EB2DB1}.Debug|Any CPU.Build.0 = Debug|Any CPU
		{AE69ABF7-CF26-4682-9923-1B2BD9EB2DB1}.Release|Any CPU.ActiveCfg = Release|Any CPU
		{AE69ABF7-CF26-4682-9923-1B2BD9EB2DB1}.Release|Any CPU.Build.0 = Release|Any CPU
	EndGlobalSection
	GlobalSection(SolutionProperties) = preSolution
		HideSolutionNode = FALSE
	EndGlobalSection
	GlobalSection(ExtensibilityGlobals) = postSolution
		SolutionGuid = {E4A35EED-F775-4A0C-A23F-17F2EA362F0D}
	EndGlobalSection
EndGlobal
