
Microsoft Visual Studio Solution File, Format Version 12.00
# Visual Studio 15
VisualStudioVersion = 15.0.27130.2020
MinimumVisualStudioVersion = 10.0.40219.1
Project("{FAE04EC0-301F-11D3-BF4B-00C04F79EFBC}") = "Labwork", "Labwork\Labwork.csproj", "{ED4E6D74-E373-42C4-8CE0-6FFFE963594D}"
EndProject
Global
	GlobalSection(SolutionConfigurationPlatforms) = preSolution
		Debug|Any CPU = Debug|Any CPU
		Release|Any CPU = Release|Any CPU
	EndGlobalSection
	GlobalSection(ProjectConfigurationPlatforms) = postSolution
		{ED4E6D74-E373-42C4-8CE0-6FFFE963594D}.Debug|Any CPU.ActiveCfg = Debug|Any CPU
		{ED4E6D74-E373-42C4-8CE0-6FFFE963594D}.Debug|Any CPU.Build.0 = Debug|Any CPU
		{ED4E6D74-E373-42C4-8CE0-6FFFE963594D}.Release|Any CPU.ActiveCfg = Release|Any CPU
		{ED4E6D74-E373-42C4-8CE0-6FFFE963594D}.Release|Any CPU.Build.0 = Release|Any CPU
	EndGlobalSection
	GlobalSection(SolutionProperties) = preSolution
		HideSolutionNode = FALSE
	EndGlobalSection
	GlobalSection(ExtensibilityGlobals) = postSolution
		SolutionGuid = {BAC244EF-0BC4-4229-8DBC-E2B1B37F4313}
	EndGlobalSection
EndGlobal
