
Microsoft Visual Studio Solution File, Format Version 12.00
# Visual Studio 15
VisualStudioVersion = 15.0.27130.2020
MinimumVisualStudioVersion = 10.0.40219.1
Project("{FAE04EC0-301F-11D3-BF4B-00C04F79EFBC}") = "3", "3\3.csproj", "{7583E2FD-E43C-44F4-9600-B0DB68531AF4}"
EndProject
Global
	GlobalSection(SolutionConfigurationPlatforms) = preSolution
		Debug|Any CPU = Debug|Any CPU
		Release|Any CPU = Release|Any CPU
	EndGlobalSection
	GlobalSection(ProjectConfigurationPlatforms) = postSolution
		{7583E2FD-E43C-44F4-9600-B0DB68531AF4}.Debug|Any CPU.ActiveCfg = Debug|Any CPU
		{7583E2FD-E43C-44F4-9600-B0DB68531AF4}.Debug|Any CPU.Build.0 = Debug|Any CPU
		{7583E2FD-E43C-44F4-9600-B0DB68531AF4}.Release|Any CPU.ActiveCfg = Release|Any CPU
		{7583E2FD-E43C-44F4-9600-B0DB68531AF4}.Release|Any CPU.Build.0 = Release|Any CPU
	EndGlobalSection
	GlobalSection(SolutionProperties) = preSolution
		HideSolutionNode = FALSE
	EndGlobalSection
	GlobalSection(ExtensibilityGlobals) = postSolution
		SolutionGuid = {AECE6082-4969-4A0F-ACB0-799AA46DFCE9}
	EndGlobalSection
EndGlobal
