
Microsoft Visual Studio Solution File, Format Version 12.00
# Visual Studio 15
VisualStudioVersion = 15.0.27130.2020
MinimumVisualStudioVersion = 10.0.40219.1
Project("{FAE04EC0-301F-11D3-BF4B-00C04F79EFBC}") = "Circle", "Circle\Circle.csproj", "{0F932F3A-F749-4A1B-AEC3-5B7BA690F980}"
EndProject
Global
	GlobalSection(SolutionConfigurationPlatforms) = preSolution
		Debug|Any CPU = Debug|Any CPU
		Release|Any CPU = Release|Any CPU
	EndGlobalSection
	GlobalSection(ProjectConfigurationPlatforms) = postSolution
		{0F932F3A-F749-4A1B-AEC3-5B7BA690F980}.Debug|Any CPU.ActiveCfg = Debug|Any CPU
		{0F932F3A-F749-4A1B-AEC3-5B7BA690F980}.Debug|Any CPU.Build.0 = Debug|Any CPU
		{0F932F3A-F749-4A1B-AEC3-5B7BA690F980}.Release|Any CPU.ActiveCfg = Release|Any CPU
		{0F932F3A-F749-4A1B-AEC3-5B7BA690F980}.Release|Any CPU.Build.0 = Release|Any CPU
	EndGlobalSection
	GlobalSection(SolutionProperties) = preSolution
		HideSolutionNode = FALSE
	EndGlobalSection
	GlobalSection(ExtensibilityGlobals) = postSolution
		SolutionGuid = {6318672D-CEA3-4C7D-B83F-DA09AC7F06A0}
	EndGlobalSection
EndGlobal
Akshabayev one love!!!
