
Microsoft Visual Studio Solution File, Format Version 12.00
# Visual Studio 15
VisualStudioVersion = 15.0.27130.2020
MinimumVisualStudioVersion = 10.0.40219.1
Project("{FAE04EC0-301F-11D3-BF4B-00C04F79EFBC}") = "3", "3\3.csproj", "{53C196B6-D156-487E-8A90-0EDAE4FEB483}"
EndProject
Global
	GlobalSection(SolutionConfigurationPlatforms) = preSolution
		Debug|Any CPU = Debug|Any CPU
		Release|Any CPU = Release|Any CPU
	EndGlobalSection
	GlobalSection(ProjectConfigurationPlatforms) = postSolution
		{53C196B6-D156-487E-8A90-0EDAE4FEB483}.Debug|Any CPU.ActiveCfg = Debug|Any CPU
		{53C196B6-D156-487E-8A90-0EDAE4FEB483}.Debug|Any CPU.Build.0 = Debug|Any CPU
		{53C196B6-D156-487E-8A90-0EDAE4FEB483}.Release|Any CPU.ActiveCfg = Release|Any CPU
		{53C196B6-D156-487E-8A90-0EDAE4FEB483}.Release|Any CPU.Build.0 = Release|Any CPU
	EndGlobalSection
	GlobalSection(SolutionProperties) = preSolution
		HideSolutionNode = FALSE
	EndGlobalSection
	GlobalSection(ExtensibilityGlobals) = postSolution
		SolutionGuid = {2691BD18-0A4C-4FCB-A8DF-462E5757FE91}
	EndGlobalSection
EndGlobal
