
Microsoft Visual Studio Solution File, Format Version 12.00
# Visual Studio 15
VisualStudioVersion = 15.0.27130.2020
MinimumVisualStudioVersion = 10.0.40219.1
Project("{FAE04EC0-301F-11D3-BF4B-00C04F79EFBC}") = "Paint", "Paint\Paint.csproj", "{89E7C261-30D8-4DFA-833B-6A5469728358}"
EndProject
Global
	GlobalSection(SolutionConfigurationPlatforms) = preSolution
		Debug|Any CPU = Debug|Any CPU
		Release|Any CPU = Release|Any CPU
	EndGlobalSection
	GlobalSection(ProjectConfigurationPlatforms) = postSolution
		{89E7C261-30D8-4DFA-833B-6A5469728358}.Debug|Any CPU.ActiveCfg = Debug|Any CPU
		{89E7C261-30D8-4DFA-833B-6A5469728358}.Debug|Any CPU.Build.0 = Debug|Any CPU
		{89E7C261-30D8-4DFA-833B-6A5469728358}.Release|Any CPU.ActiveCfg = Release|Any CPU
		{89E7C261-30D8-4DFA-833B-6A5469728358}.Release|Any CPU.Build.0 = Release|Any CPU
	EndGlobalSection
	GlobalSection(SolutionProperties) = preSolution
		HideSolutionNode = FALSE
	EndGlobalSection
	GlobalSection(ExtensibilityGlobals) = postSolution
		SolutionGuid = {646206E3-083F-4581-A91B-B8BB57774369}
	EndGlobalSection
EndGlobal
