
Microsoft Visual Studio Solution File, Format Version 12.00
# Visual Studio 15
VisualStudioVersion = 15.0.27130.2020
MinimumVisualStudioVersion = 10.0.40219.1
Project("{FAE04EC0-301F-11D3-BF4B-00C04F79EFBC}") = "Paint", "Paint\Paint.csproj", "{536CFE17-DCEB-429B-B924-736702E9458F}"
EndProject
Global
	GlobalSection(SolutionConfigurationPlatforms) = preSolution
		Debug|Any CPU = Debug|Any CPU
		Release|Any CPU = Release|Any CPU
	EndGlobalSection
	GlobalSection(ProjectConfigurationPlatforms) = postSolution
		{536CFE17-DCEB-429B-B924-736702E9458F}.Debug|Any CPU.ActiveCfg = Debug|Any CPU
		{536CFE17-DCEB-429B-B924-736702E9458F}.Debug|Any CPU.Build.0 = Debug|Any CPU
		{536CFE17-DCEB-429B-B924-736702E9458F}.Release|Any CPU.ActiveCfg = Release|Any CPU
		{536CFE17-DCEB-429B-B924-736702E9458F}.Release|Any CPU.Build.0 = Release|Any CPU
	EndGlobalSection
	GlobalSection(SolutionProperties) = preSolution
		HideSolutionNode = FALSE
	EndGlobalSection
	GlobalSection(ExtensibilityGlobals) = postSolution
		SolutionGuid = {F56D1503-A714-431F-9C01-ABE87C078C0B}
	EndGlobalSection
EndGlobal
